// !$*UTF8*$!
{
	archiveVersion = 1;
	classes = {
	};
	objectVersion = 50;
	objects = {

/* Begin PBXBuildFile section */
		5073D2CDFF285D7CEB3B22FA /* Pods_A_Category.framework in Frameworks */ = {isa = PBXBuildFile; fileRef = 9C52FA590F39D93CD9C2EBB6 /* Pods_A_Category.framework */; };
		F410131621B7CD0D001C649A /* AppDelegate.m in Sources */ = {isa = PBXBuildFile; fileRef = F410131521B7CD0D001C649A /* AppDelegate.m */; };
		F410131921B7CD0D001C649A /* ViewController.m in Sources */ = {isa = PBXBuildFile; fileRef = F410131821B7CD0D001C649A /* ViewController.m */; };
		F410131C21B7CD0D001C649A /* Main.storyboard in Resources */ = {isa = PBXBuildFile; fileRef = F410131A21B7CD0D001C649A /* Main.storyboard */; };
		F410131E21B7CD0E001C649A /* Assets.xcassets in Resources */ = {isa = PBXBuildFile; fileRef = F410131D21B7CD0E001C649A /* Assets.xcassets */; };
		F410132121B7CD0E001C649A /* LaunchScreen.storyboard in Resources */ = {isa = PBXBuildFile; fileRef = F410131F21B7CD0E001C649A /* LaunchScreen.storyboard */; };
		F410132421B7CD0E001C649A /* main.m in Sources */ = {isa = PBXBuildFile; fileRef = F410132321B7CD0E001C649A /* main.m */; };
		F410132D21B7CF30001C649A /* CTMediator+A.m in Sources */ = {isa = PBXBuildFile; fileRef = F410132C21B7CF30001C649A /* CTMediator+A.m */; };
/* End PBXBuildFile section */

/* Begin PBXFileReference section */
		79FBDC5C05A13A0F96CACAD7 /* Pods-A_Category.release.xcconfig */ = {isa = PBXFileReference; includeInIndex = 1; lastKnownFileType = text.xcconfig; name = "Pods-A_Category.release.xcconfig"; path = "Pods/Target Support Files/Pods-A_Category/Pods-A_Category.release.xcconfig"; sourceTree = "<group>"; };
		9C52FA590F39D93CD9C2EBB6 /* Pods_A_Category.framework */ = {isa = PBXFileReference; explicitFileType = wrapper.framework; includeInIndex = 0; path = Pods_A_Category.framework; sourceTree = BUILT_PRODUCTS_DIR; };
		B279DA18B18BEBFC2DDFFC79 /* Pods-A_Category.debug.xcconfig */ = {isa = PBXFileReference; includeInIndex = 1; lastKnownFileType = text.xcconfig; name = "Pods-A_Category.debug.xcconfig"; path = "Pods/Target Support Files/Pods-A_Category/Pods-A_Category.debug.xcconfig"; sourceTree = "<group>"; };
		F410131121B7CD0D001C649A /* A_Category.app */ = {isa = PBXFileReference; explicitFileType = wrapper.application; includeInIndex = 0; path = A_Category.app; sourceTree = BUILT_PRODUCTS_DIR; };
		F410131421B7CD0D001C649A /* AppDelegate.h */ = {isa = PBXFileReference; lastKnownFileType = sourcecode.c.h; path = AppDelegate.h; sourceTree = "<group>"; };
		F410131521B7CD0D001C649A /* AppDelegate.m */ = {isa = PBXFileReference; lastKnownFileType = sourcecode.c.objc; path = AppDelegate.m; sourceTree = "<group>"; };
		F410131721B7CD0D001C649A /* ViewController.h */ = {isa = PBXFileReference; lastKnownFileType = sourcecode.c.h; path = ViewController.h; sourceTree = "<group>"; };
		F410131821B7CD0D001C649A /* ViewController.m */ = {isa = PBXFileReference; lastKnownFileType = sourcecode.c.objc; path = ViewController.m; sourceTree = "<group>"; };
		F410131B21B7CD0D001C649A /* Base */ = {isa = PBXFileReference; lastKnownFileType = file.storyboard; name = Base; path = Base.lproj/Main.storyboard; sourceTree = "<group>"; };
		F410131D21B7CD0E001C649A /* Assets.xcassets */ = {isa = PBXFileReference; lastKnownFileType = folder.assetcatalog; path = Assets.xcassets; sourceTree = "<group>"; };
		F410132021B7CD0E001C649A /* Base */ = {isa = PBXFileReference; lastKnownFileType = file.storyboard; name = Base; path = Base.lproj/LaunchScreen.storyboard; sourceTree = "<group>"; };
		F410132221B7CD0E001C649A /* Info.plist */ = {isa = PBXFileReference; lastKnownFileType = text.plist.xml; path = Info.plist; sourceTree = "<group>"; };
		F410132321B7CD0E001C649A /* main.m */ = {isa = PBXFileReference; lastKnownFileType = sourcecode.c.objc; path = main.m; sourceTree = "<group>"; };
		F410132B21B7CF30001C649A /* CTMediator+A.h */ = {isa = PBXFileReference; lastKnownFileType = sourcecode.c.h; path = "CTMediator+A.h"; sourceTree = "<group>"; };
		F410132C21B7CF30001C649A /* CTMediator+A.m */ = {isa = PBXFileReference; lastKnownFileType = sourcecode.c.objc; path = "CTMediator+A.m"; sourceTree = "<group>"; };
/* End PBXFileReference section */

/* Begin PBXFrameworksBuildPhase section */
		F410130E21B7CD0D001C649A /* Frameworks */ = {
			isa = PBXFrameworksBuildPhase;
			buildActionMask = 2147483647;
			files = (
				5073D2CDFF285D7CEB3B22FA /* Pods_A_Category.framework in Frameworks */,
			);
			runOnlyForDeploymentPostprocessing = 0;
		};
/* End PBXFrameworksBuildPhase section */

/* Begin PBXGroup section */
		586BA8980FF4E72B0676335E /* Pods */ = {
			isa = PBXGroup;
			children = (
				B279DA18B18BEBFC2DDFFC79 /* Pods-A_Category.debug.xcconfig */,
				79FBDC5C05A13A0F96CACAD7 /* Pods-A_Category.release.xcconfig */,
			);
			name = Pods;
			sourceTree = "<group>";
		};
		CA17C584D192C2B8DD7B8A6A /* Frameworks */ = {
			isa = PBXGroup;
			children = (
				9C52FA590F39D93CD9C2EBB6 /* Pods_A_Category.framework */,
			);
			name = Frameworks;
			sourceTree = "<group>";
		};
		F410130821B7CD0D001C649A = {
			isa = PBXGroup;
			children = (
				F410131321B7CD0D001C649A /* A_Category */,
				F410131221B7CD0D001C649A /* Products */,
				586BA8980FF4E72B0676335E /* Pods */,
				CA17C584D192C2B8DD7B8A6A /* Frameworks */,
			);
			sourceTree = "<group>";
		};
		F410131221B7CD0D001C649A /* Products */ = {
			isa = PBXGroup;
			children = (
				F410131121B7CD0D001C649A /* A_Category.app */,
			);
			name = Products;
			sourceTree = "<group>";
		};
		F410131321B7CD0D001C649A /* A_Category */ = {
			isa = PBXGroup;
			children = (
				F410132A21B7CF01001C649A /* A_Category */,
				F410131421B7CD0D001C649A /* AppDelegate.h */,
				F410131521B7CD0D001C649A /* AppDelegate.m */,
				F410131721B7CD0D001C649A /* ViewController.h */,
				F410131821B7CD0D001C649A /* ViewController.m */,
				F410131A21B7CD0D001C649A /* Main.storyboard */,
				F410131D21B7CD0E001C649A /* Assets.xcassets */,
				F410131F21B7CD0E001C649A /* LaunchScreen.storyboard */,
				F410132221B7CD0E001C649A /* Info.plist */,
				F410132321B7CD0E001C649A /* main.m */,
			);
			path = A_Category;
			sourceTree = "<group>";
		};
		F410132A21B7CF01001C649A /* A_Category */ = {
			isa = PBXGroup;
			children = (
				F410132B21B7CF30001C649A /* CTMediator+A.h */,
				F410132C21B7CF30001C649A /* CTMediator+A.m */,
			);
			path = A_Category;
			sourceTree = "<group>";
		};
/* End PBXGroup section */

/* Begin PBXNativeTarget section */
		F410131021B7CD0D001C649A /* A_Category */ = {
			isa = PBXNativeTarget;
			buildConfigurationList = F410132721B7CD0E001C649A /* Build configuration list for PBXNativeTarget "A_Category" */;
			buildPhases = (
				E86C9775752F5B38A29572CC /* [CP] Check Pods Manifest.lock */,
				F410130D21B7CD0D001C649A /* Sources */,
				F410130E21B7CD0D001C649A /* Frameworks */,
				F410130F21B7CD0D001C649A /* Resources */,
				E295702A6AD862651627FB9F /* [CP] Embed Pods Frameworks */,
			);
			buildRules = (
			);
			dependencies = (
			);
			name = A_Category;
			productName = A_Category;
			productReference = F410131121B7CD0D001C649A /* A_Category.app */;
			productType = "com.apple.product-type.application";
		};
/* End PBXNativeTarget section */

/* Begin PBXProject section */
		F410130921B7CD0D001C649A /* Project object */ = {
			isa = PBXProject;
			attributes = {
				LastUpgradeCheck = 1000;
				ORGANIZATIONNAME = zxc;
				TargetAttributes = {
					F410131021B7CD0D001C649A = {
						CreatedOnToolsVersion = 10.0;
					};
				};
			};
			buildConfigurationList = F410130C21B7CD0D001C649A /* Build configuration list for PBXProject "A_Category" */;
			compatibilityVersion = "Xcode 9.3";
			developmentRegion = en;
			hasScannedForEncodings = 0;
			knownRegions = (
				en,
				Base,
			);
			mainGroup = F410130821B7CD0D001C649A;
			productRefGroup = F410131221B7CD0D001C649A /* Products */;
			projectDirPath = "";
			projectRoot = "";
			targets = (
				F410131021B7CD0D001C649A /* A_Category */,
			);
		};
/* End PBXProject section */

/* Begin PBXResourcesBuildPhase section */
		F410130F21B7CD0D001C649A /* Resources */ = {
			isa = PBXResourcesBuildPhase;
			buildActionMask = 2147483647;
			files = (
				F410132121B7CD0E001C649A /* LaunchScreen.storyboard in Resources */,
				F410131E21B7CD0E001C649A /* Assets.xcassets in Resources */,
				F410131C21B7CD0D001C649A /* Main.storyboard in Resources */,
			);
			runOnlyForDeploymentPostprocessing = 0;
		};
/* End PBXResourcesBuildPhase section */

/* Begin PBXShellScriptBuildPhase section */
		E295702A6AD862651627FB9F /* [CP] Embed Pods Frameworks */ = {
			isa = PBXShellScriptBuildPhase;
			buildActionMask = 2147483647;
			files = (
			);
			inputFileListPaths = (
			);
			inputPaths = (
				"${SRCROOT}/Pods/Target Support Files/Pods-A_Category/Pods-A_Category-frameworks.sh",
				"${BUILT_PRODUCTS_DIR}/CTMediator/CTMediator.framework",
			);
			name = "[CP] Embed Pods Frameworks";
			outputFileListPaths = (
			);
			outputPaths = (
				"${TARGET_BUILD_DIR}/${FRAMEWORKS_FOLDER_PATH}/CTMediator.framework",
			);
			runOnlyForDeploymentPostprocessing = 0;
			shellPath = /bin/sh;
			shellScript = "\"${SRCROOT}/Pods/Target Support Files/Pods-A_Category/Pods-A_Category-frameworks.sh\"\n";
			showEnvVarsInLog = 0;
		};
		E86C9775752F5B38A29572CC /* [CP] Check Pods Manifest.lock */ = {
			isa = PBXShellScriptBuildPhase;
			buildActionMask = 2147483647;
			files = (
			);
			inputFileListPaths = (
			);
			inputPaths = (
				"${PODS_PODFILE_DIR_PATH}/Podfile.lock",
				"${PODS_ROOT}/Manifest.lock",
			);
			name = "[CP] Check Pods Manifest.lock";
			outputFileListPaths = (
			);
			outputPaths = (
				"$(DERIVED_FILE_DIR)/Pods-A_Category-checkManifestLockResult.txt",
			);
			runOnlyForDeploymentPostprocessing = 0;
			shellPath = /bin/sh;
			shellScript = "diff \"${PODS_PODFILE_DIR_PATH}/Podfile.lock\" \"${PODS_ROOT}/Manifest.lock\" > /dev/null\nif [ $? != 0 ] ; then\n    # print error to STDERR\n    echo \"error: The sandbox is not in sync with the Podfile.lock. Run 'pod install' or update your CocoaPods installation.\" >&2\n    exit 1\nfi\n# This output is used by Xcode 'outputs' to avoid re-running this script phase.\necho \"SUCCESS\" > \"${SCRIPT_OUTPUT_FILE_0}\"\n";
			showEnvVarsInLog = 0;
		};
/* End PBXShellScriptBuildPhase section */

/* Begin PBXSourcesBuildPhase section */
		F410130D21B7CD0D001C649A /* Sources */ = {
			isa = PBXSourcesBuildPhase;
			buildActionMask = 2147483647;
			files = (
				F410131921B7CD0D001C649A /* ViewController.m in Sources */,
				F410132D21B7CF30001C649A /* CTMediator+A.m in Sources */,
				F410132421B7CD0E001C649A /* main.m in Sources */,
				F410131621B7CD0D001C649A /* AppDelegate.m in Sources */,
			);
			runOnlyForDeploymentPostprocessing = 0;
		};
/* End PBXSourcesBuildPhase section */

/* Begin PBXVariantGroup section */
		F410131A21B7CD0D001C649A /* Main.storyboard */ = {
			isa = PBXVariantGroup;
			children = (
				F410131B21B7CD0D001C649A /* Base */,
			);
			name = Main.storyboard;
			sourceTree = "<group>";
		};
		F410131F21B7CD0E001C649A /* LaunchScreen.storyboard */ = {
			isa = PBXVariantGroup;
			children = (
				F410132021B7CD0E001C649A /* Base */,
			);
			name = LaunchScreen.storyboard;
			sourceTree = "<group>";
		};
/* End PBXVariantGroup section */

/* Begin XCBuildConfiguration section */
		F410132521B7CD0E001C649A /* Debug */ = {
			isa = XCBuildConfiguration;
			buildSettings = {
				ALWAYS_SEARCH_USER_PATHS = NO;
				CLANG_ANALYZER_NONNULL = YES;
				CLANG_ANALYZER_NUMBER_OBJECT_CONVERSION = YES_AGGRESSIVE;
				CLANG_CXX_LANGUAGE_STANDARD = "gnu++14";
				CLANG_CXX_LIBRARY = "libc++";
				CLANG_ENABLE_MODULES = YES;
				CLANG_ENABLE_OBJC_ARC = YES;
				CLANG_ENABLE_OBJC_WEAK = YES;
				CLANG_WARN_BLOCK_CAPTURE_AUTORELEASING = YES;
				CLANG_WARN_BOOL_CONVERSION = YES;
				CLANG_WARN_COMMA = YES;
				CLANG_WARN_CONSTANT_CONVERSION = YES;
				CLANG_WARN_DEPRECATED_OBJC_IMPLEMENTATIONS = YES;
				CLANG_WARN_DIRECT_OBJC_ISA_USAGE = YES_ERROR;
				CLANG_WARN_DOCUMENTATION_COMMENTS = YES;
				CLANG_WARN_EMPTY_BODY = YES;
				CLANG_WARN_ENUM_CONVERSION = YES;
				CLANG_WARN_INFINITE_RECURSION = YES;
				CLANG_WARN_INT_CONVERSION = YES;
				CLANG_WARN_NON_LITERAL_NULL_CONVERSION = YES;
				CLANG_WARN_OBJC_IMPLICIT_RETAIN_SELF = YES;
				CLANG_WARN_OBJC_LITERAL_CONVERSION = YES;
				CLANG_WARN_OBJC_ROOT_CLASS = YES_ERROR;
				CLANG_WARN_RANGE_LOOP_ANALYSIS = YES;
				CLANG_WARN_STRICT_PROTOTYPES = YES;
				CLANG_WARN_SUSPICIOUS_MOVE = YES;
				CLANG_WARN_UNGUARDED_AVAILABILITY = YES_AGGRESSIVE;
				CLANG_WARN_UNREACHABLE_CODE = YES;
				CLANG_WARN__DUPLICATE_METHOD_MATCH = YES;
				CODE_SIGN_IDENTITY = "iPhone Developer";
				COPY_PHASE_STRIP = NO;
				DEBUG_INFORMATION_FORMAT = dwarf;
				ENABLE_STRICT_OBJC_MSGSEND = YES;
				ENABLE_TESTABILITY = YES;
				GCC_C_LANGUAGE_STANDARD = gnu11;
				GCC_DYNAMIC_NO_PIC = NO;
				GCC_NO_COMMON_BLOCKS = YES;
				GCC_OPTIMIZATION_LEVEL = 0;
				GCC_PREPROCESSOR_DEFINITIONS = (
					"DEBUG=1",
					"$(inherited)",
				);
				GCC_WARN_64_TO_32_BIT_CONVERSION = YES;
				GCC_WARN_ABOUT_RETURN_TYPE = YES_ERROR;
				GCC_WARN_UNDECLARED_SELECTOR = YES;
				GCC_WARN_UNINITIALIZED_AUTOS = YES_AGGRESSIVE;
				GCC_WARN_UNUSED_FUNCTION = YES;
				GCC_WARN_UNUSED_VARIABLE = YES;
				IPHONEOS_DEPLOYMENT_TARGET = 12.0;
				MTL_ENABLE_DEBUG_INFO = INCLUDE_SOURCE;
				MTL_FAST_MATH = YES;
				ONLY_ACTIVE_ARCH = YES;
				SDKROOT = iphoneos;
			};
			name = Debug;
		};
		F410132621B7CD0E001C649A /* Release */ = {
			isa = XCBuildConfiguration;
			buildSettings = {
				ALWAYS_SEARCH_USER_PATHS = NO;
				CLANG_ANALYZER_NONNULL = YES;
				CLANG_ANALYZER_NUMBER_OBJECT_CONVERSION = YES_AGGRESSIVE;
				CLANG_CXX_LANGUAGE_STANDARD = "gnu++14";
				CLANG_CXX_LIBRARY = "libc++";
				CLANG_ENABLE_MODULES = YES;
				CLANG_ENABLE_OBJC_ARC = YES;
				CLANG_ENABLE_OBJC_WEAK = YES;
				CLANG_WARN_BLOCK_CAPTURE_AUTORELEASING = YES;
				CLANG_WARN_BOOL_CONVERSION = YES;
				CLANG_WARN_COMMA = YES;
				CLANG_WARN_CONSTANT_CONVERSION = YES;
				CLANG_WARN_DEPRECATED_OBJC_IMPLEMENTATIONS = YES;
				CLANG_WARN_DIRECT_OBJC_ISA_USAGE = YES_ERROR;
				CLANG_WARN_DOCUMENTATION_COMMENTS = YES;
				CLANG_WARN_EMPTY_BODY = YES;
				CLANG_WARN_ENUM_CONVERSION = YES;
				CLANG_WARN_INFINITE_RECURSION = YES;
				CLANG_WARN_INT_CONVERSION = YES;
				CLANG_WARN_NON_LITERAL_NULL_CONVERSION = YES;
				CLANG_WARN_OBJC_IMPLICIT_RETAIN_SELF = YES;
				CLANG_WARN_OBJC_LITERAL_CONVERSION = YES;
				CLANG_WARN_OBJC_ROOT_CLASS = YES_ERROR;
				CLANG_WARN_RANGE_LOOP_ANALYSIS = YES;
				CLANG_WARN_STRICT_PROTOTYPES = YES;
				CLANG_WARN_SUSPICIOUS_MOVE = YES;
				CLANG_WARN_UNGUARDED_AVAILABILITY = YES_AGGRESSIVE;
				CLANG_WARN_UNREACHABLE_CODE = YES;
				CLANG_WARN__DUPLICATE_METHOD_MATCH = YES;
				CODE_SIGN_IDENTITY = "iPhone Developer";
				COPY_PHASE_STRIP = NO;
				DEBUG_INFORMATION_FORMAT = "dwarf-with-dsym";
				ENABLE_NS_ASSERTIONS = NO;
				ENABLE_STRICT_OBJC_MSGSEND = YES;
				GCC_C_LANGUAGE_STANDARD = gnu11;
				GCC_NO_COMMON_BLOCKS = YES;
				GCC_WARN_64_TO_32_BIT_CONVERSION = YES;
				GCC_WARN_ABOUT_RETURN_TYPE = YES_ERROR;
				GCC_WARN_UNDECLARED_SELECTOR = YES;
				GCC_WARN_UNINITIALIZED_AUTOS = YES_AGGRESSIVE;
				GCC_WARN_UNUSED_FUNCTION = YES;
				GCC_WARN_UNUSED_VARIABLE = YES;
				IPHONEOS_DEPLOYMENT_TARGET = 12.0;
				MTL_ENABLE_DEBUG_INFO = NO;
				MTL_FAST_MATH = YES;
				SDKROOT = iphoneos;
				VALIDATE_PRODUCT = YES;
			};
			name = Release;
		};
		F410132821B7CD0E001C649A /* Debug */ = {
			isa = XCBuildConfiguration;
			baseConfigurationReference = B279DA18B18BEBFC2DDFFC79 /* Pods-A_Category.debug.xcconfig */;
			buildSettings = {
				ASSETCATALOG_COMPILER_APPICON_NAME = AppIcon;
				CODE_SIGN_STYLE = Automatic;
				DEVELOPMENT_TEAM = 25JSWGF5HP;
				INFOPLIST_FILE = A_Category/Info.plist;
				LD_RUNPATH_SEARCH_PATHS = (
					"$(inherited)",
					"@executable_path/Frameworks",
				);
				PRODUCT_BUNDLE_IDENTIFIER = "com.zxc.A-Category";
				PRODUCT_NAME = "$(TARGET_NAME)";
				TARGETED_DEVICE_FAMILY = "1,2";
			};
			name = Debug;
		};
		F410132921B7CD0E001C649A /* Release */ = {
			isa = XCBuildConfiguration;
			baseConfigurationReference = 79FBDC5C05A13A0F96CACAD7 /* Pods-A_Category.release.xcconfig */;
			buildSettings = {
				ASSETCATALOG_COMPILER_APPICON_NAME = AppIcon;
				CODE_SIGN_STYLE = Automatic;
				DEVELOPMENT_TEAM = 25JSWGF5HP;
				INFOPLIST_FILE = A_Category/Info.plist;
				LD_RUNPATH_SEARCH_PATHS = (
					"$(inherited)",
					"@executable_path/Frameworks",
				);
				PRODUCT_BUNDLE_IDENTIFIER = "com.zxc.A-Category";
				PRODUCT_NAME = "$(TARGET_NAME)";
				TARGETED_DEVICE_FAMILY = "1,2";
			};
			name = Release;
		};
/* End XCBuildConfiguration section */

/* Begin XCConfigurationList section */
		F410130C21B7CD0D001C649A /* Build configuration list for PBXProject "A_Category" */ = {
			isa = XCConfigurationList;
			buildConfigurations = (
				F410132521B7CD0E001C649A /* Debug */,
				F410132621B7CD0E001C649A /* Release */,
			);
			defaultConfigurationIsVisible = 0;
			defaultConfigurationName = Release;
		};
		F410132721B7CD0E001C649A /* Build configuration list for PBXNativeTarget "A_Category" */ = {
			isa = XCConfigurationList;
			buildConfigurations = (
				F410132821B7CD0E001C649A /* Debug */,
				F410132921B7CD0E001C649A /* Release */,
			);
			defaultConfigurationIsVisible = 0;
			defaultConfigurationName = Release;
		};
/* End XCConfigurationList section */
	};
	rootObject = F410130921B7CD0D001C649A /* Project object */;
}
